
Microsoft Visual Studio Solution File, Format Version 12.00
# Visual Studio Version 16
VisualStudioVersion = 16.0.31205.134
MinimumVisualStudioVersion = 10.0.40219.1
Project("{FAE04EC0-301F-11D3-BF4B-00C04F79EFBC}") = "ShoppingCart", "ShoppingCart\ShoppingCart.csproj", "{228516A0-41CD-4D8C-AF14-E3032421E937}"
EndProject
Global
	GlobalSection(SolutionConfigurationPlatforms) = preSolution
		Debug|Any CPU = Debug|Any CPU
		Release|Any CPU = Release|Any CPU
	EndGlobalSection
	GlobalSection(ProjectConfigurationPlatforms) = postSolution
		{228516A0-41CD-4D8C-AF14-E3032421E937}.Debug|Any CPU.ActiveCfg = Debug|Any CPU
		{228516A0-41CD-4D8C-AF14-E3032421E937}.Debug|Any CPU.Build.0 = Debug|Any CPU
		{228516A0-41CD-4D8C-AF14-E3032421E937}.Release|Any CPU.ActiveCfg = Release|Any CPU
		{228516A0-41CD-4D8C-AF14-E3032421E937}.Release|Any CPU.Build.0 = Release|Any CPU
	EndGlobalSection
	GlobalSection(SolutionProperties) = preSolution
		HideSolutionNode = FALSE
	EndGlobalSection
	GlobalSection(ExtensibilityGlobals) = postSolution
		SolutionGuid = {D5777F15-874D-427B-9A9C-783D84FA5074}
	EndGlobalSection
EndGlobal
